{
  "requires": true,
  "lockfileVersion": 1,
  "dependencies": {
    "agent-base": {
      "version": "https://registry.npmjs.org/agent-base/-/agent-base-2.1.1.tgz",
      "integrity": "sha1-1t4Q1a9hMtW9aSQn1G/FOFOQlMc=",
      "requires": {
        "extend": "https://registry.npmjs.org/extend/-/extend-3.0.1.tgz",
        "semver": "https://registry.npmjs.org/semver/-/semver-5.0.3.tgz"
      }
    },
    "axios": {
      "version": "https://registry.npmjs.org/axios/-/axios-0.15.3.tgz",
      "integrity": "sha1-LJ1jiy4ZGgjqHWzJiOrda6W9wFM=",
      "requires": {
        "follow-redirects": "https://registry.npmjs.org/follow-redirects/-/follow-redirects-1.0.0.tgz"
      }
    },
    "debug": {
      "version": "https://registry.npmjs.org/debug/-/debug-2.6.9.tgz",
      "integrity": "sha1-XRKFFd8TT/Mn6QpMk/Tgd6U2NB8=",
      "requires": {
        "ms": "https://registry.npmjs.org/ms/-/ms-2.0.0.tgz"
      }
    },
    "extend": {
      "version": "https://registry.npmjs.org/extend/-/extend-3.0.1.tgz",
      "integrity": "sha1-p1Xqe8Gt/MWjHOfnYtuq3F5jZEQ="
    },
    "follow-redirects": {
      "version": "https://registry.npmjs.org/follow-redirects/-/follow-redirects-1.0.0.tgz",
      "integrity": "sha1-jjQpjL0uF28lTv/sdaHHjMhJ/Tc=",
      "requires": {
        "debug": "https://registry.npmjs.org/debug/-/debug-2.6.9.tgz"
      }
    },
    "github": {
      "version": "https://registry.npmjs.org/github/-/github-11.0.0.tgz",
      "integrity": "sha1-7bMt9e+zPK0ATr8L3SpLMLtjqFQ=",
      "requires": {
        "follow-redirects": "https://registry.npmjs.org/follow-redirects/-/follow-redirects-0.0.7.tgz",
        "https-proxy-agent": "https://registry.npmjs.org/https-proxy-agent/-/https-proxy-agent-1.0.0.tgz",
        "mime": "https://registry.npmjs.org/mime/-/mime-1.4.1.tgz",
        "netrc": "https://registry.npmjs.org/netrc/-/netrc-0.1.4.tgz"
      },
      "dependencies": {
        "follow-redirects": {
          "version": "https://registry.npmjs.org/follow-redirects/-/follow-redirects-0.0.7.tgz",
          "integrity": "sha1-NLkLqyqRGqNHVx2pDyK9NuzYqRk=",
          "requires": {
            "debug": "https://registry.npmjs.org/debug/-/debug-2.6.9.tgz",
            "stream-consume": "https://registry.npmjs.org/stream-consume/-/stream-consume-0.1.0.tgz"
          }
        }
      }
    },
    "github-api": {
      "version": "https://registry.npmjs.org/github-api/-/github-api-3.0.0.tgz",
      "integrity": "sha1-KDL5jQ06g/FIXi2zLJJZ5LnECnU=",
      "requires": {
        "axios": "https://registry.npmjs.org/axios/-/axios-0.15.3.tgz",
        "debug": "https://registry.npmjs.org/debug/-/debug-2.6.9.tgz",
        "js-base64": "https://registry.npmjs.org/js-base64/-/js-base64-2.3.2.tgz",
        "utf8": "https://registry.npmjs.org/utf8/-/utf8-2.1.2.tgz"
      }
    },
    "https-proxy-agent": {
      "version": "https://registry.npmjs.org/https-proxy-agent/-/https-proxy-agent-1.0.0.tgz",
      "integrity": "sha1-NffabEjOTdv6JkiRrFk+5f+GceY=",
      "requires": {
        "agent-base": "https://registry.npmjs.org/agent-base/-/agent-base-2.1.1.tgz",
        "debug": "https://registry.npmjs.org/debug/-/debug-2.6.9.tgz",
        "extend": "https://registry.npmjs.org/extend/-/extend-3.0.1.tgz"
      }
    },
    "js-base64": {
      "version": "https://registry.npmjs.org/js-base64/-/js-base64-2.3.2.tgz",
      "integrity": "sha1-p5qSNmY3K1gPjif1GEXG9+j7+68="
    },
    "leetcode": {
      "version": "2.0.0",
      "resolved": "https://registry.npmjs.org/leetcode/-/leetcode-2.0.0.tgz",
      "integrity": "sha1-5TBNpKaMP/PwXzrPnszS3Okm2vY="
    },
    "mime": {
      "version": "https://registry.npmjs.org/mime/-/mime-1.4.1.tgz",
      "integrity": "sha1-Eh+evEnjdm8xGnbh+hyAA8SwOqY="
    },
    "ms": {
      "version": "https://registry.npmjs.org/ms/-/ms-2.0.0.tgz",
      "integrity": "sha1-VgiurfwAvmwpAd9fmGF4jeDVl8g="
    },
    "netrc": {
      "version": "https://registry.npmjs.org/netrc/-/netrc-0.1.4.tgz",
      "integrity": "sha1-a+lPysqNd63gqWcNxGCRTJRHJEQ="
    },
    "semver": {
      "version": "https://registry.npmjs.org/semver/-/semver-5.0.3.tgz",
      "integrity": "sha1-d0Zt5YnNXTyV8TiqeLxWmjy10no="
    },
    "stream-consume": {
      "version": "https://registry.npmjs.org/stream-consume/-/stream-consume-0.1.0.tgz",
      "integrity": "sha1-pB6tGm1ggc63n2WwYZAbbY89HQ8="
    },
    "utf8": {
      "version": "https://registry.npmjs.org/utf8/-/utf8-2.1.2.tgz",
      "integrity": "sha1-H6DZJw6b6FDZsFAn9jUZv0ZFfZY="
    }
  }
}
